
Microsoft Visual Studio Solution File, Format Version 12.00
Project("{FAE04EC0-301F-11D3-BF4B-00C04F79EFBC}") = "AdventOfCode", "src\AdventOfCode\AdventOfCode.csproj", "{7A2C95A8-4B1A-4FE5-9C09-04F25E701917}"
EndProject
Project("{FAE04EC0-301F-11D3-BF4B-00C04F79EFBC}") = "AdventTests", "tests\AdventTests\AdventTests.csproj", "{1EE1E1F8-80CB-4D6A-AF67-D1104DBA237F}"
EndProject
Global
	GlobalSection(SolutionConfigurationPlatforms) = preSolution
		Debug|Any CPU = Debug|Any CPU
		Release|Any CPU = Release|Any CPU
	EndGlobalSection
	GlobalSection(ProjectConfigurationPlatforms) = postSolution
		{7A2C95A8-4B1A-4FE5-9C09-04F25E701917}.Debug|Any CPU.ActiveCfg = Debug|Any CPU
		{7A2C95A8-4B1A-4FE5-9C09-04F25E701917}.Debug|Any CPU.Build.0 = Debug|Any CPU
		{7A2C95A8-4B1A-4FE5-9C09-04F25E701917}.Release|Any CPU.ActiveCfg = Release|Any CPU
		{7A2C95A8-4B1A-4FE5-9C09-04F25E701917}.Release|Any CPU.Build.0 = Release|Any CPU
		{1EE1E1F8-80CB-4D6A-AF67-D1104DBA237F}.Debug|Any CPU.ActiveCfg = Debug|Any CPU
		{1EE1E1F8-80CB-4D6A-AF67-D1104DBA237F}.Debug|Any CPU.Build.0 = Debug|Any CPU
		{1EE1E1F8-80CB-4D6A-AF67-D1104DBA237F}.Release|Any CPU.ActiveCfg = Release|Any CPU
		{1EE1E1F8-80CB-4D6A-AF67-D1104DBA237F}.Release|Any CPU.Build.0 = Release|Any CPU
	EndGlobalSection
EndGlobal
